// !$*UTF8*$!
{
	archiveVersion = 1;
	classes = {
	};
	objectVersion = 55;
	objects = {

/* Begin PBXBuildFile section */
		D7A431C92802089100521A64 /* TeamViewController.swift in Sources */ = {isa = PBXBuildFile; fileRef = D7A431C82802089100521A64 /* TeamViewController.swift */; };
		D7A431CD280209CB00521A64 /* TeamCell.swift in Sources */ = {isa = PBXBuildFile; fileRef = D7A431CC280209CB00521A64 /* TeamCell.swift */; };
		D7A431CF2802122600521A64 /* PlayerCell.swift in Sources */ = {isa = PBXBuildFile; fileRef = D7A431CE2802122600521A64 /* PlayerCell.swift */; };
		D7A431D12802124200521A64 /* PlayerViewController.swift in Sources */ = {isa = PBXBuildFile; fileRef = D7A431D02802124200521A64 /* PlayerViewController.swift */; };
		D7A431D32802139600521A64 /* BetCell.swift in Sources */ = {isa = PBXBuildFile; fileRef = D7A431D22802139600521A64 /* BetCell.swift */; };
		D7A431D5280213B000521A64 /* BetViewController.swift in Sources */ = {isa = PBXBuildFile; fileRef = D7A431D4280213B000521A64 /* BetViewController.swift */; };
		D7B5B55B280A2D140059DA97 /* LoginViewController.swift in Sources */ = {isa = PBXBuildFile; fileRef = D7B5B55A280A2D140059DA97 /* LoginViewController.swift */; };
		D7E2C67D27F8CF6A004A94D4 /* AppDelegate.swift in Sources */ = {isa = PBXBuildFile; fileRef = D7E2C67C27F8CF6A004A94D4 /* AppDelegate.swift */; };
		D7E2C67F27F8CF6A004A94D4 /* SceneDelegate.swift in Sources */ = {isa = PBXBuildFile; fileRef = D7E2C67E27F8CF6A004A94D4 /* SceneDelegate.swift */; };
		D7E2C68127F8CF6A004A94D4 /* ViewController.swift in Sources */ = {isa = PBXBuildFile; fileRef = D7E2C68027F8CF6A004A94D4 /* ViewController.swift */; };
		D7E2C68427F8CF6A004A94D4 /* Main.storyboard in Resources */ = {isa = PBXBuildFile; fileRef = D7E2C68227F8CF6A004A94D4 /* Main.storyboard */; };
		D7E2C68627F8CF6B004A94D4 /* Assets.xcassets in Resources */ = {isa = PBXBuildFile; fileRef = D7E2C68527F8CF6B004A94D4 /* Assets.xcassets */; };
		D7E2C68927F8CF6B004A94D4 /* LaunchScreen.storyboard in Resources */ = {isa = PBXBuildFile; fileRef = D7E2C68727F8CF6B004A94D4 /* LaunchScreen.storyboard */; };
		D7E2C69427F8CF6B004A94D4 /* FootyHi_LiteTests.swift in Sources */ = {isa = PBXBuildFile; fileRef = D7E2C69327F8CF6B004A94D4 /* FootyHi_LiteTests.swift */; };
		D7E2C69E27F8CF6B004A94D4 /* FootyHi_LiteUITests.swift in Sources */ = {isa = PBXBuildFile; fileRef = D7E2C69D27F8CF6B004A94D4 /* FootyHi_LiteUITests.swift */; };
		D7E2C6A027F8CF6B004A94D4 /* FootyHi_LiteUITestsLaunchTests.swift in Sources */ = {isa = PBXBuildFile; fileRef = D7E2C69F27F8CF6B004A94D4 /* FootyHi_LiteUITestsLaunchTests.swift */; };
/* End PBXBuildFile section */

/* Begin PBXContainerItemProxy section */
		D7E2C69027F8CF6B004A94D4 /* PBXContainerItemProxy */ = {
			isa = PBXContainerItemProxy;
			containerPortal = D7E2C67127F8CF69004A94D4 /* Project object */;
			proxyType = 1;
			remoteGlobalIDString = D7E2C67827F8CF6A004A94D4;
			remoteInfo = "FootyHi-Lite";
		};
		D7E2C69A27F8CF6B004A94D4 /* PBXContainerItemProxy */ = {
			isa = PBXContainerItemProxy;
			containerPortal = D7E2C67127F8CF69004A94D4 /* Project object */;
			proxyType = 1;
			remoteGlobalIDString = D7E2C67827F8CF6A004A94D4;
			remoteInfo = "FootyHi-Lite";
		};
/* End PBXContainerItemProxy section */

/* Begin PBXFileReference section */
		D7A431C82802089100521A64 /* TeamViewController.swift */ = {isa = PBXFileReference; lastKnownFileType = sourcecode.swift; path = TeamViewController.swift; sourceTree = "<group>"; };
		D7A431CC280209CB00521A64 /* TeamCell.swift */ = {isa = PBXFileReference; lastKnownFileType = sourcecode.swift; path = TeamCell.swift; sourceTree = "<group>"; };
		D7A431CE2802122600521A64 /* PlayerCell.swift */ = {isa = PBXFileReference; lastKnownFileType = sourcecode.swift; path = PlayerCell.swift; sourceTree = "<group>"; };
		D7A431D02802124200521A64 /* PlayerViewController.swift */ = {isa = PBXFileReference; lastKnownFileType = sourcecode.swift; path = PlayerViewController.swift; sourceTree = "<group>"; };
		D7A431D22802139600521A64 /* BetCell.swift */ = {isa = PBXFileReference; lastKnownFileType = sourcecode.swift; path = BetCell.swift; sourceTree = "<group>"; };
		D7A431D4280213B000521A64 /* BetViewController.swift */ = {isa = PBXFileReference; lastKnownFileType = sourcecode.swift; path = BetViewController.swift; sourceTree = "<group>"; };
		D7B5B55A280A2D140059DA97 /* LoginViewController.swift */ = {isa = PBXFileReference; lastKnownFileType = sourcecode.swift; path = LoginViewController.swift; sourceTree = "<group>"; };
		D7E2C67927F8CF6A004A94D4 /* FootyHi-Lite.app */ = {isa = PBXFileReference; explicitFileType = wrapper.application; includeInIndex = 0; path = "FootyHi-Lite.app"; sourceTree = BUILT_PRODUCTS_DIR; };
		D7E2C67C27F8CF6A004A94D4 /* AppDelegate.swift */ = {isa = PBXFileReference; lastKnownFileType = sourcecode.swift; path = AppDelegate.swift; sourceTree = "<group>"; };
		D7E2C67E27F8CF6A004A94D4 /* SceneDelegate.swift */ = {isa = PBXFileReference; lastKnownFileType = sourcecode.swift; path = SceneDelegate.swift; sourceTree = "<group>"; };
		D7E2C68027F8CF6A004A94D4 /* ViewController.swift */ = {isa = PBXFileReference; lastKnownFileType = sourcecode.swift; path = ViewController.swift; sourceTree = "<group>"; };
		D7E2C68327F8CF6A004A94D4 /* Base */ = {isa = PBXFileReference; lastKnownFileType = file.storyboard; name = Base; path = Base.lproj/Main.storyboard; sourceTree = "<group>"; };
		D7E2C68527F8CF6B004A94D4 /* Assets.xcassets */ = {isa = PBXFileReference; lastKnownFileType = folder.assetcatalog; path = Assets.xcassets; sourceTree = "<group>"; };
		D7E2C68827F8CF6B004A94D4 /* Base */ = {isa = PBXFileReference; lastKnownFileType = file.storyboard; name = Base; path = Base.lproj/LaunchScreen.storyboard; sourceTree = "<group>"; };
		D7E2C68A27F8CF6B004A94D4 /* Info.plist */ = {isa = PBXFileReference; lastKnownFileType = text.plist.xml; path = Info.plist; sourceTree = "<group>"; };
		D7E2C68F27F8CF6B004A94D4 /* FootyHi-LiteTests.xctest */ = {isa = PBXFileReference; explicitFileType = wrapper.cfbundle; includeInIndex = 0; path = "FootyHi-LiteTests.xctest"; sourceTree = BUILT_PRODUCTS_DIR; };
		D7E2C69327F8CF6B004A94D4 /* FootyHi_LiteTests.swift */ = {isa = PBXFileReference; lastKnownFileType = sourcecode.swift; path = FootyHi_LiteTests.swift; sourceTree = "<group>"; };
		D7E2C69927F8CF6B004A94D4 /* FootyHi-LiteUITests.xctest */ = {isa = PBXFileReference; explicitFileType = wrapper.cfbundle; includeInIndex = 0; path = "FootyHi-LiteUITests.xctest"; sourceTree = BUILT_PRODUCTS_DIR; };
		D7E2C69D27F8CF6B004A94D4 /* FootyHi_LiteUITests.swift */ = {isa = PBXFileReference; lastKnownFileType = sourcecode.swift; path = FootyHi_LiteUITests.swift; sourceTree = "<group>"; };
		D7E2C69F27F8CF6B004A94D4 /* FootyHi_LiteUITestsLaunchTests.swift */ = {isa = PBXFileReference; lastKnownFileType = sourcecode.swift; path = FootyHi_LiteUITestsLaunchTests.swift; sourceTree = "<group>"; };
/* End PBXFileReference section */

/* Begin PBXFrameworksBuildPhase section */
		D7E2C67627F8CF6A004A94D4 /* Frameworks */ = {
			isa = PBXFrameworksBuildPhase;
			buildActionMask = 2147483647;
			files = (
			);
			runOnlyForDeploymentPostprocessing = 0;
		};
		D7E2C68C27F8CF6B004A94D4 /* Frameworks */ = {
			isa = PBXFrameworksBuildPhase;
			buildActionMask = 2147483647;
			files = (
			);
			runOnlyForDeploymentPostprocessing = 0;
		};
		D7E2C69627F8CF6B004A94D4 /* Frameworks */ = {
			isa = PBXFrameworksBuildPhase;
			buildActionMask = 2147483647;
			files = (
			);
			runOnlyForDeploymentPostprocessing = 0;
		};
/* End PBXFrameworksBuildPhase section */

/* Begin PBXGroup section */
		D7E2C67027F8CF69004A94D4 = {
			isa = PBXGroup;
			children = (
				D7E2C67B27F8CF6A004A94D4 /* FootyHi-Lite */,
				D7E2C69227F8CF6B004A94D4 /* FootyHi-LiteTests */,
				D7E2C69C27F8CF6B004A94D4 /* FootyHi-LiteUITests */,
				D7E2C67A27F8CF6A004A94D4 /* Products */,
			);
			sourceTree = "<group>";
		};
		D7E2C67A27F8CF6A004A94D4 /* Products */ = {
			isa = PBXGroup;
			children = (
				D7E2C67927F8CF6A004A94D4 /* FootyHi-Lite.app */,
				D7E2C68F27F8CF6B004A94D4 /* FootyHi-LiteTests.xctest */,
				D7E2C69927F8CF6B004A94D4 /* FootyHi-LiteUITests.xctest */,
			);
			name = Products;
			sourceTree = "<group>";
		};
		D7E2C67B27F8CF6A004A94D4 /* FootyHi-Lite */ = {
			isa = PBXGroup;
			children = (
				D7E2C67C27F8CF6A004A94D4 /* AppDelegate.swift */,
				D7E2C67E27F8CF6A004A94D4 /* SceneDelegate.swift */,
				D7E2C68027F8CF6A004A94D4 /* ViewController.swift */,
				D7E2C68227F8CF6A004A94D4 /* Main.storyboard */,
				D7E2C68527F8CF6B004A94D4 /* Assets.xcassets */,
				D7E2C68727F8CF6B004A94D4 /* LaunchScreen.storyboard */,
				D7E2C68A27F8CF6B004A94D4 /* Info.plist */,
				D7A431C82802089100521A64 /* TeamViewController.swift */,
				D7A431CC280209CB00521A64 /* TeamCell.swift */,
				D7A431CE2802122600521A64 /* PlayerCell.swift */,
				D7A431D02802124200521A64 /* PlayerViewController.swift */,
				D7A431D22802139600521A64 /* BetCell.swift */,
				D7A431D4280213B000521A64 /* BetViewController.swift */,
				D7B5B55A280A2D140059DA97 /* LoginViewController.swift */,
			);
			path = "FootyHi-Lite";
			sourceTree = "<group>";
		};
		D7E2C69227F8CF6B004A94D4 /* FootyHi-LiteTests */ = {
			isa = PBXGroup;
			children = (
				D7E2C69327F8CF6B004A94D4 /* FootyHi_LiteTests.swift */,
			);
			path = "FootyHi-LiteTests";
			sourceTree = "<group>";
		};
		D7E2C69C27F8CF6B004A94D4 /* FootyHi-LiteUITests */ = {
			isa = PBXGroup;
			children = (
				D7E2C69D27F8CF6B004A94D4 /* FootyHi_LiteUITests.swift */,
				D7E2C69F27F8CF6B004A94D4 /* FootyHi_LiteUITestsLaunchTests.swift */,
			);
			path = "FootyHi-LiteUITests";
			sourceTree = "<group>";
		};
/* End PBXGroup section */

/* Begin PBXNativeTarget section */
		D7E2C67827F8CF6A004A94D4 /* FootyHi-Lite */ = {
			isa = PBXNativeTarget;
			buildConfigurationList = D7E2C6A327F8CF6B004A94D4 /* Build configuration list for PBXNativeTarget "FootyHi-Lite" */;
			buildPhases = (
				D7E2C67527F8CF6A004A94D4 /* Sources */,
				D7E2C67627F8CF6A004A94D4 /* Frameworks */,
				D7E2C67727F8CF6A004A94D4 /* Resources */,
			);
			buildRules = (
			);
			dependencies = (
			);
			name = "FootyHi-Lite";
			productName = "FootyHi-Lite";
			productReference = D7E2C67927F8CF6A004A94D4 /* FootyHi-Lite.app */;
			productType = "com.apple.product-type.application";
		};
		D7E2C68E27F8CF6B004A94D4 /* FootyHi-LiteTests */ = {
			isa = PBXNativeTarget;
			buildConfigurationList = D7E2C6A627F8CF6B004A94D4 /* Build configuration list for PBXNativeTarget "FootyHi-LiteTests" */;
			buildPhases = (
				D7E2C68B27F8CF6B004A94D4 /* Sources */,
				D7E2C68C27F8CF6B004A94D4 /* Frameworks */,
				D7E2C68D27F8CF6B004A94D4 /* Resources */,
			);
			buildRules = (
			);
			dependencies = (
				D7E2C69127F8CF6B004A94D4 /* PBXTargetDependency */,
			);
			name = "FootyHi-LiteTests";
			productName = "FootyHi-LiteTests";
			productReference = D7E2C68F27F8CF6B004A94D4 /* FootyHi-LiteTests.xctest */;
			productType = "com.apple.product-type.bundle.unit-test";
		};
		D7E2C69827F8CF6B004A94D4 /* FootyHi-LiteUITests */ = {
			isa = PBXNativeTarget;
			buildConfigurationList = D7E2C6A927F8CF6B004A94D4 /* Build configuration list for PBXNativeTarget "FootyHi-LiteUITests" */;
			buildPhases = (
				D7E2C69527F8CF6B004A94D4 /* Sources */,
				D7E2C69627F8CF6B004A94D4 /* Frameworks */,
				D7E2C69727F8CF6B004A94D4 /* Resources */,
			);
			buildRules = (
			);
			dependencies = (
				D7E2C69B27F8CF6B004A94D4 /* PBXTargetDependency */,
			);
			name = "FootyHi-LiteUITests";
			productName = "FootyHi-LiteUITests";
			productReference = D7E2C69927F8CF6B004A94D4 /* FootyHi-LiteUITests.xctest */;
			productType = "com.apple.product-type.bundle.ui-testing";
		};
/* End PBXNativeTarget section */

/* Begin PBXProject section */
		D7E2C67127F8CF69004A94D4 /* Project object */ = {
			isa = PBXProject;
			attributes = {
				BuildIndependentTargetsInParallel = 1;
				LastSwiftUpdateCheck = 1330;
				LastUpgradeCheck = 1330;
				TargetAttributes = {
					D7E2C67827F8CF6A004A94D4 = {
						CreatedOnToolsVersion = 13.3;
					};
					D7E2C68E27F8CF6B004A94D4 = {
						CreatedOnToolsVersion = 13.3;
						TestTargetID = D7E2C67827F8CF6A004A94D4;
					};
					D7E2C69827F8CF6B004A94D4 = {
						CreatedOnToolsVersion = 13.3;
						TestTargetID = D7E2C67827F8CF6A004A94D4;
					};
				};
			};
			buildConfigurationList = D7E2C67427F8CF69004A94D4 /* Build configuration list for PBXProject "FootyHi-Lite" */;
			compatibilityVersion = "Xcode 13.0";
			developmentRegion = en;
			hasScannedForEncodings = 0;
			knownRegions = (
				en,
				Base,
			);
			mainGroup = D7E2C67027F8CF69004A94D4;
			productRefGroup = D7E2C67A27F8CF6A004A94D4 /* Products */;
			projectDirPath = "";
			projectRoot = "";
			targets = (
				D7E2C67827F8CF6A004A94D4 /* FootyHi-Lite */,
				D7E2C68E27F8CF6B004A94D4 /* FootyHi-LiteTests */,
				D7E2C69827F8CF6B004A94D4 /* FootyHi-LiteUITests */,
			);
		};
/* End PBXProject section */

/* Begin PBXResourcesBuildPhase section */
		D7E2C67727F8CF6A004A94D4 /* Resources */ = {
			isa = PBXResourcesBuildPhase;
			buildActionMask = 2147483647;
			files = (
				D7E2C68927F8CF6B004A94D4 /* LaunchScreen.storyboard in Resources */,
				D7E2C68627F8CF6B004A94D4 /* Assets.xcassets in Resources */,
				D7E2C68427F8CF6A004A94D4 /* Main.storyboard in Resources */,
			);
			runOnlyForDeploymentPostprocessing = 0;
		};
		D7E2C68D27F8CF6B004A94D4 /* Resources */ = {
			isa = PBXResourcesBuildPhase;
			buildActionMask = 2147483647;
			files = (
			);
			runOnlyForDeploymentPostprocessing = 0;
		};
		D7E2C69727F8CF6B004A94D4 /* Resources */ = {
			isa = PBXResourcesBuildPhase;
			buildActionMask = 2147483647;
			files = (
			);
			runOnlyForDeploymentPostprocessing = 0;
		};
/* End PBXResourcesBuildPhase section */

/* Begin PBXSourcesBuildPhase section */
		D7E2C67527F8CF6A004A94D4 /* Sources */ = {
			isa = PBXSourcesBuildPhase;
			buildActionMask = 2147483647;
			files = (
				D7A431CF2802122600521A64 /* PlayerCell.swift in Sources */,
				D7E2C68127F8CF6A004A94D4 /* ViewController.swift in Sources */,
				D7A431D5280213B000521A64 /* BetViewController.swift in Sources */,
				D7A431C92802089100521A64 /* TeamViewController.swift in Sources */,
				D7A431D32802139600521A64 /* BetCell.swift in Sources */,
				D7A431D12802124200521A64 /* PlayerViewController.swift in Sources */,
				D7A431CD280209CB00521A64 /* TeamCell.swift in Sources */,
				D7E2C67D27F8CF6A004A94D4 /* AppDelegate.swift in Sources */,
				D7B5B55B280A2D140059DA97 /* LoginViewController.swift in Sources */,
				D7E2C67F27F8CF6A004A94D4 /* SceneDelegate.swift in Sources */,
			);
			runOnlyForDeploymentPostprocessing = 0;
		};
		D7E2C68B27F8CF6B004A94D4 /* Sources */ = {
			isa = PBXSourcesBuildPhase;
			buildActionMask = 2147483647;
			files = (
				D7E2C69427F8CF6B004A94D4 /* FootyHi_LiteTests.swift in Sources */,
			);
			runOnlyForDeploymentPostprocessing = 0;
		};
		D7E2C69527F8CF6B004A94D4 /* Sources */ = {
			isa = PBXSourcesBuildPhase;
			buildActionMask = 2147483647;
			files = (
				D7E2C69E27F8CF6B004A94D4 /* FootyHi_LiteUITests.swift in Sources */,
				D7E2C6A027F8CF6B004A94D4 /* FootyHi_LiteUITestsLaunchTests.swift in Sources */,
			);
			runOnlyForDeploymentPostprocessing = 0;
		};
/* End PBXSourcesBuildPhase section */

/* Begin PBXTargetDependency section */
		D7E2C69127F8CF6B004A94D4 /* PBXTargetDependency */ = {
			isa = PBXTargetDependency;
			target = D7E2C67827F8CF6A004A94D4 /* FootyHi-Lite */;
			targetProxy = D7E2C69027F8CF6B004A94D4 /* PBXContainerItemProxy */;
		};
		D7E2C69B27F8CF6B004A94D4 /* PBXTargetDependency */ = {
			isa = PBXTargetDependency;
			target = D7E2C67827F8CF6A004A94D4 /* FootyHi-Lite */;
			targetProxy = D7E2C69A27F8CF6B004A94D4 /* PBXContainerItemProxy */;
		};
/* End PBXTargetDependency section */

/* Begin PBXVariantGroup section */
		D7E2C68227F8CF6A004A94D4 /* Main.storyboard */ = {
			isa = PBXVariantGroup;
			children = (
				D7E2C68327F8CF6A004A94D4 /* Base */,
			);
			name = Main.storyboard;
			sourceTree = "<group>";
		};
		D7E2C68727F8CF6B004A94D4 /* LaunchScreen.storyboard */ = {
			isa = PBXVariantGroup;
			children = (
				D7E2C68827F8CF6B004A94D4 /* Base */,
			);
			name = LaunchScreen.storyboard;
			sourceTree = "<group>";
		};
/* End PBXVariantGroup section */

/* Begin XCBuildConfiguration section */
		D7E2C6A127F8CF6B004A94D4 /* Debug */ = {
			isa = XCBuildConfiguration;
			buildSettings = {
				ALWAYS_SEARCH_USER_PATHS = NO;
				CLANG_ANALYZER_NONNULL = YES;
				CLANG_ANALYZER_NUMBER_OBJECT_CONVERSION = YES_AGGRESSIVE;
				CLANG_CXX_LANGUAGE_STANDARD = "gnu++17";
				CLANG_ENABLE_MODULES = YES;
				CLANG_ENABLE_OBJC_ARC = YES;
				CLANG_ENABLE_OBJC_WEAK = YES;
				CLANG_WARN_BLOCK_CAPTURE_AUTORELEASING = YES;
				CLANG_WARN_BOOL_CONVERSION = YES;
				CLANG_WARN_COMMA = YES;
				CLANG_WARN_CONSTANT_CONVERSION = YES;
				CLANG_WARN_DEPRECATED_OBJC_IMPLEMENTATIONS = YES;
				CLANG_WARN_DIRECT_OBJC_ISA_USAGE = YES_ERROR;
				CLANG_WARN_DOCUMENTATION_COMMENTS = YES;
				CLANG_WARN_EMPTY_BODY = YES;
				CLANG_WARN_ENUM_CONVERSION = YES;
				CLANG_WARN_INFINITE_RECURSION = YES;
				CLANG_WARN_INT_CONVERSION = YES;
				CLANG_WARN_NON_LITERAL_NULL_CONVERSION = YES;
				CLANG_WARN_OBJC_IMPLICIT_RETAIN_SELF = YES;
				CLANG_WARN_OBJC_LITERAL_CONVERSION = YES;
				CLANG_WARN_OBJC_ROOT_CLASS = YES_ERROR;
				CLANG_WARN_QUOTED_INCLUDE_IN_FRAMEWORK_HEADER = YES;
				CLANG_WARN_RANGE_LOOP_ANALYSIS = YES;
				CLANG_WARN_STRICT_PROTOTYPES = YES;
				CLANG_WARN_SUSPICIOUS_MOVE = YES;
				CLANG_WARN_UNGUARDED_AVAILABILITY = YES_AGGRESSIVE;
				CLANG_WARN_UNREACHABLE_CODE = YES;
				CLANG_WARN__DUPLICATE_METHOD_MATCH = YES;
				COPY_PHASE_STRIP = NO;
				DEBUG_INFORMATION_FORMAT = dwarf;
				ENABLE_STRICT_OBJC_MSGSEND = YES;
				ENABLE_TESTABILITY = YES;
				GCC_C_LANGUAGE_STANDARD = gnu11;
				GCC_DYNAMIC_NO_PIC = NO;
				GCC_NO_COMMON_BLOCKS = YES;
				GCC_OPTIMIZATION_LEVEL = 0;
				GCC_PREPROCESSOR_DEFINITIONS = (
					"DEBUG=1",
					"$(inherited)",
				);
				GCC_WARN_64_TO_32_BIT_CONVERSION = YES;
				GCC_WARN_ABOUT_RETURN_TYPE = YES_ERROR;
				GCC_WARN_UNDECLARED_SELECTOR = YES;
				GCC_WARN_UNINITIALIZED_AUTOS = YES_AGGRESSIVE;
				GCC_WARN_UNUSED_FUNCTION = YES;
				GCC_WARN_UNUSED_VARIABLE = YES;
				IPHONEOS_DEPLOYMENT_TARGET = 15.4;
				MTL_ENABLE_DEBUG_INFO = INCLUDE_SOURCE;
				MTL_FAST_MATH = YES;
				ONLY_ACTIVE_ARCH = YES;
				SDKROOT = iphoneos;
				SWIFT_ACTIVE_COMPILATION_CONDITIONS = DEBUG;
				SWIFT_OPTIMIZATION_LEVEL = "-Onone";
			};
			name = Debug;
		};
		D7E2C6A227F8CF6B004A94D4 /* Release */ = {
			isa = XCBuildConfiguration;
			buildSettings = {
				ALWAYS_SEARCH_USER_PATHS = NO;
				CLANG_ANALYZER_NONNULL = YES;
				CLANG_ANALYZER_NUMBER_OBJECT_CONVERSION = YES_AGGRESSIVE;
				CLANG_CXX_LANGUAGE_STANDARD = "gnu++17";
				CLANG_ENABLE_MODULES = YES;
				CLANG_ENABLE_OBJC_ARC = YES;
				CLANG_ENABLE_OBJC_WEAK = YES;
				CLANG_WARN_BLOCK_CAPTURE_AUTORELEASING = YES;
				CLANG_WARN_BOOL_CONVERSION = YES;
				CLANG_WARN_COMMA = YES;
				CLANG_WARN_CONSTANT_CONVERSION = YES;
				CLANG_WARN_DEPRECATED_OBJC_IMPLEMENTATIONS = YES;
				CLANG_WARN_DIRECT_OBJC_ISA_USAGE = YES_ERROR;
				CLANG_WARN_DOCUMENTATION_COMMENTS = YES;
				CLANG_WARN_EMPTY_BODY = YES;
				CLANG_WARN_ENUM_CONVERSION = YES;
				CLANG_WARN_INFINITE_RECURSION = YES;
				CLANG_WARN_INT_CONVERSION = YES;
				CLANG_WARN_NON_LITERAL_NULL_CONVERSION = YES;
				CLANG_WARN_OBJC_IMPLICIT_RETAIN_SELF = YES;
				CLANG_WARN_OBJC_LITERAL_CONVERSION = YES;
				CLANG_WARN_OBJC_ROOT_CLASS = YES_ERROR;
				CLANG_WARN_QUOTED_INCLUDE_IN_FRAMEWORK_HEADER = YES;
				CLANG_WARN_RANGE_LOOP_ANALYSIS = YES;
				CLANG_WARN_STRICT_PROTOTYPES = YES;
				CLANG_WARN_SUSPICIOUS_MOVE = YES;
				CLANG_WARN_UNGUARDED_AVAILABILITY = YES_AGGRESSIVE;
				CLANG_WARN_UNREACHABLE_CODE = YES;
				CLANG_WARN__DUPLICATE_METHOD_MATCH = YES;
				COPY_PHASE_STRIP = NO;
				DEBUG_INFORMATION_FORMAT = "dwarf-with-dsym";
				ENABLE_NS_ASSERTIONS = NO;
				ENABLE_STRICT_OBJC_MSGSEND = YES;
				GCC_C_LANGUAGE_STANDARD = gnu11;
				GCC_NO_COMMON_BLOCKS = YES;
				GCC_WARN_64_TO_32_BIT_CONVERSION = YES;
				GCC_WARN_ABOUT_RETURN_TYPE = YES_ERROR;
				GCC_WARN_UNDECLARED_SELECTOR = YES;
				GCC_WARN_UNINITIALIZED_AUTOS = YES_AGGRESSIVE;
				GCC_WARN_UNUSED_FUNCTION = YES;
				GCC_WARN_UNUSED_VARIABLE = YES;
				IPHONEOS_DEPLOYMENT_TARGET = 15.4;
				MTL_ENABLE_DEBUG_INFO = NO;
				MTL_FAST_MATH = YES;
				SDKROOT = iphoneos;
				SWIFT_COMPILATION_MODE = wholemodule;
				SWIFT_OPTIMIZATION_LEVEL = "-O";
				VALIDATE_PRODUCT = YES;
			};
			name = Release;
		};
		D7E2C6A427F8CF6B004A94D4 /* Debug */ = {
			isa = XCBuildConfiguration;
			buildSettings = {
				ASSETCATALOG_COMPILER_APPICON_NAME = AppIcon;
				ASSETCATALOG_COMPILER_GLOBAL_ACCENT_COLOR_NAME = AccentColor;
				CODE_SIGN_STYLE = Automatic;
				CURRENT_PROJECT_VERSION = 1;
				DEVELOPMENT_TEAM = Q6B6Q4YZ2B;
				GENERATE_INFOPLIST_FILE = YES;
				INFOPLIST_FILE = "FootyHi-Lite/Info.plist";
				INFOPLIST_KEY_UIApplicationSupportsIndirectInputEvents = YES;
				INFOPLIST_KEY_UILaunchStoryboardName = LaunchScreen;
				INFOPLIST_KEY_UIMainStoryboardFile = Main;
				INFOPLIST_KEY_UISupportedInterfaceOrientations_iPad = "UIInterfaceOrientationPortrait UIInterfaceOrientationPortraitUpsideDown UIInterfaceOrientationLandscapeLeft UIInterfaceOrientationLandscapeRight";
				INFOPLIST_KEY_UISupportedInterfaceOrientations_iPhone = "UIInterfaceOrientationPortrait UIInterfaceOrientationLandscapeLeft UIInterfaceOrientationLandscapeRight";
				LD_RUNPATH_SEARCH_PATHS = (
					"$(inherited)",
					"@executable_path/Frameworks",
				);
				MARKETING_VERSION = 1.0;
				PRODUCT_BUNDLE_IDENTIFIER = "com.iosPod1.FootyHi-Lite";
				PRODUCT_NAME = "$(TARGET_NAME)";
				SWIFT_EMIT_LOC_STRINGS = YES;
				SWIFT_VERSION = 5.0;
				TARGETED_DEVICE_FAMILY = "1,2";
			};
			name = Debug;
		};
		D7E2C6A527F8CF6B004A94D4 /* Release */ = {
			isa = XCBuildConfiguration;
			buildSettings = {
				ASSETCATALOG_COMPILER_APPICON_NAME = AppIcon;
				ASSETCATALOG_COMPILER_GLOBAL_ACCENT_COLOR_NAME = AccentColor;
				CODE_SIGN_STYLE = Automatic;
				CURRENT_PROJECT_VERSION = 1;
				DEVELOPMENT_TEAM = Q6B6Q4YZ2B;
				GENERATE_INFOPLIST_FILE = YES;
				INFOPLIST_FILE = "FootyHi-Lite/Info.plist";
				INFOPLIST_KEY_UIApplicationSupportsIndirectInputEvents = YES;
				INFOPLIST_KEY_UILaunchStoryboardName = LaunchScreen;
				INFOPLIST_KEY_UIMainStoryboardFile = Main;
				INFOPLIST_KEY_UISupportedInterfaceOrientations_iPad = "UIInterfaceOrientationPortrait UIInterfaceOrientationPortraitUpsideDown UIInterfaceOrientationLandscapeLeft UIInterfaceOrientationLandscapeRight";
				INFOPLIST_KEY_UISupportedInterfaceOrientations_iPhone = "UIInterfaceOrientationPortrait UIInterfaceOrientationLandscapeLeft UIInterfaceOrientationLandscapeRight";
				LD_RUNPATH_SEARCH_PATHS = (
					"$(inherited)",
					"@executable_path/Frameworks",
				);
				MARKETING_VERSION = 1.0;
				PRODUCT_BUNDLE_IDENTIFIER = "com.iosPod1.FootyHi-Lite";
				PRODUCT_NAME = "$(TARGET_NAME)";
				SWIFT_EMIT_LOC_STRINGS = YES;
				SWIFT_VERSION = 5.0;
				TARGETED_DEVICE_FAMILY = "1,2";
			};
			name = Release;
		};
		D7E2C6A727F8CF6B004A94D4 /* Debug */ = {
			isa = XCBuildConfiguration;
			buildSettings = {
				ALWAYS_EMBED_SWIFT_STANDARD_LIBRARIES = YES;
				BUNDLE_LOADER = "$(TEST_HOST)";
				CODE_SIGN_STYLE = Automatic;
				CURRENT_PROJECT_VERSION = 1;
				DEVELOPMENT_TEAM = Q6B6Q4YZ2B;
				GENERATE_INFOPLIST_FILE = YES;
				IPHONEOS_DEPLOYMENT_TARGET = 15.4;
				MARKETING_VERSION = 1.0;
				PRODUCT_BUNDLE_IDENTIFIER = "com.iosPod1.FootyHi-LiteTests";
				PRODUCT_NAME = "$(TARGET_NAME)";
				SWIFT_EMIT_LOC_STRINGS = NO;
				SWIFT_VERSION = 5.0;
				TARGETED_DEVICE_FAMILY = "1,2";
				TEST_HOST = "$(BUILT_PRODUCTS_DIR)/FootyHi-Lite.app/FootyHi-Lite";
			};
			name = Debug;
		};
		D7E2C6A827F8CF6B004A94D4 /* Release */ = {
			isa = XCBuildConfiguration;
			buildSettings = {
				ALWAYS_EMBED_SWIFT_STANDARD_LIBRARIES = YES;
				BUNDLE_LOADER = "$(TEST_HOST)";
				CODE_SIGN_STYLE = Automatic;
				CURRENT_PROJECT_VERSION = 1;
				DEVELOPMENT_TEAM = Q6B6Q4YZ2B;
				GENERATE_INFOPLIST_FILE = YES;
				IPHONEOS_DEPLOYMENT_TARGET = 15.4;
				MARKETING_VERSION = 1.0;
				PRODUCT_BUNDLE_IDENTIFIER = "com.iosPod1.FootyHi-LiteTests";
				PRODUCT_NAME = "$(TARGET_NAME)";
				SWIFT_EMIT_LOC_STRINGS = NO;
				SWIFT_VERSION = 5.0;
				TARGETED_DEVICE_FAMILY = "1,2";
				TEST_HOST = "$(BUILT_PRODUCTS_DIR)/FootyHi-Lite.app/FootyHi-Lite";
			};
			name = Release;
		};
		D7E2C6AA27F8CF6B004A94D4 /* Debug */ = {
			isa = XCBuildConfiguration;
			buildSettings = {
				ALWAYS_EMBED_SWIFT_STANDARD_LIBRARIES = YES;
				CODE_SIGN_STYLE = Automatic;
				CURRENT_PROJECT_VERSION = 1;
				DEVELOPMENT_TEAM = Q6B6Q4YZ2B;
				GENERATE_INFOPLIST_FILE = YES;
				MARKETING_VERSION = 1.0;
				PRODUCT_BUNDLE_IDENTIFIER = "com.iosPod1.FootyHi-LiteUITests";
				PRODUCT_NAME = "$(TARGET_NAME)";
				SWIFT_EMIT_LOC_STRINGS = NO;
				SWIFT_VERSION = 5.0;
				TARGETED_DEVICE_FAMILY = "1,2";
				TEST_TARGET_NAME = "FootyHi-Lite";
			};
			name = Debug;
		};
		D7E2C6AB27F8CF6B004A94D4 /* Release */ = {
			isa = XCBuildConfiguration;
			buildSettings = {
				ALWAYS_EMBED_SWIFT_STANDARD_LIBRARIES = YES;
				CODE_SIGN_STYLE = Automatic;
				CURRENT_PROJECT_VERSION = 1;
				DEVELOPMENT_TEAM = Q6B6Q4YZ2B;
				GENERATE_INFOPLIST_FILE = YES;
				MARKETING_VERSION = 1.0;
				PRODUCT_BUNDLE_IDENTIFIER = "com.iosPod1.FootyHi-LiteUITests";
				PRODUCT_NAME = "$(TARGET_NAME)";
				SWIFT_EMIT_LOC_STRINGS = NO;
				SWIFT_VERSION = 5.0;
				TARGETED_DEVICE_FAMILY = "1,2";
				TEST_TARGET_NAME = "FootyHi-Lite";
			};
			name = Release;
		};
/* End XCBuildConfiguration section */

/* Begin XCConfigurationList section */
		D7E2C67427F8CF69004A94D4 /* Build configuration list for PBXProject "FootyHi-Lite" */ = {
			isa = XCConfigurationList;
			buildConfigurations = (
				D7E2C6A127F8CF6B004A94D4 /* Debug */,
				D7E2C6A227F8CF6B004A94D4 /* Release */,
			);
			defaultConfigurationIsVisible = 0;
			defaultConfigurationName = Release;
		};
		D7E2C6A327F8CF6B004A94D4 /* Build configuration list for PBXNativeTarget "FootyHi-Lite" */ = {
			isa = XCConfigurationList;
			buildConfigurations = (
				D7E2C6A427F8CF6B004A94D4 /* Debug */,
				D7E2C6A527F8CF6B004A94D4 /* Release */,
			);
			defaultConfigurationIsVisible = 0;
			defaultConfigurationName = Release;
		};
		D7E2C6A627F8CF6B004A94D4 /* Build configuration list for PBXNativeTarget "FootyHi-LiteTests" */ = {
			isa = XCConfigurationList;
			buildConfigurations = (
				D7E2C6A727F8CF6B004A94D4 /* Debug */,
				D7E2C6A827F8CF6B004A94D4 /* Release */,
			);
			defaultConfigurationIsVisible = 0;
			defaultConfigurationName = Release;
		};
		D7E2C6A927F8CF6B004A94D4 /* Build configuration list for PBXNativeTarget "FootyHi-LiteUITests" */ = {
			isa = XCConfigurationList;
			buildConfigurations = (
				D7E2C6AA27F8CF6B004A94D4 /* Debug */,
				D7E2C6AB27F8CF6B004A94D4 /* Release */,
			);
			defaultConfigurationIsVisible = 0;
			defaultConfigurationName = Release;
		};
/* End XCConfigurationList section */
	};
	rootObject = D7E2C67127F8CF69004A94D4 /* Project object */;
}
